
Microsoft Visual Studio Solution File, Format Version 12.00
# Visual Studio Version 16
VisualStudioVersion = 16.0.29613.14
MinimumVisualStudioVersion = 10.0.40219.1
Project("{FAE04EC0-301F-11D3-BF4B-00C04F79EFBC}") = "tutorHelpBackend", "tutorHelpBackend\tutorHelpBackend.csproj", "{D39BEF5E-753E-4DCF-8C2B-8088C51153FA}"
EndProject
Global
	GlobalSection(SolutionConfigurationPlatforms) = preSolution
		Debug|Any CPU = Debug|Any CPU
		Release|Any CPU = Release|Any CPU
	EndGlobalSection
	GlobalSection(ProjectConfigurationPlatforms) = postSolution
		{D39BEF5E-753E-4DCF-8C2B-8088C51153FA}.Debug|Any CPU.ActiveCfg = Debug|Any CPU
		{D39BEF5E-753E-4DCF-8C2B-8088C51153FA}.Debug|Any CPU.Build.0 = Debug|Any CPU
		{D39BEF5E-753E-4DCF-8C2B-8088C51153FA}.Release|Any CPU.ActiveCfg = Release|Any CPU
		{D39BEF5E-753E-4DCF-8C2B-8088C51153FA}.Release|Any CPU.Build.0 = Release|Any CPU
	EndGlobalSection
	GlobalSection(SolutionProperties) = preSolution
		HideSolutionNode = FALSE
	EndGlobalSection
	GlobalSection(ExtensibilityGlobals) = postSolution
		SolutionGuid = {CAC3F47D-7F6A-49C4-934D-90C91D963D4D}
	EndGlobalSection
EndGlobal
